// !$*UTF8*$!
{
	archiveVersion = 1;
	classes = {
	};
	objectVersion = 77;
	objects = {

/* Begin PBXBuildFile section */
		CB1EE68F2CEBA7D3006E1B53 /* TrainSearchViewController.swift in Sources */ = {isa = PBXBuildFile; fileRef = CB1EE68E2CEBA7D3006E1B53 /* TrainSearchViewController.swift */; };
		CB1EE6912CEBA81D006E1B53 /* TrainSearchFilterView.swift in Sources */ = {isa = PBXBuildFile; fileRef = CB1EE6902CEBA81D006E1B53 /* TrainSearchFilterView.swift */; };
		CB390AF32CEC91C600BBD66F /* SelectBottomSheetViewController.swift in Sources */ = {isa = PBXBuildFile; fileRef = CB390AF22CEC91C600BBD66F /* SelectBottomSheetViewController.swift */; };
		CB390AF92CECEE5400BBD66F /* SelectBottomSheetTableViewCell.swift in Sources */ = {isa = PBXBuildFile; fileRef = CB390AF82CECEE5400BBD66F /* SelectBottomSheetTableViewCell.swift */; };
		CB390B332CEDAF7F00BBD66F /* DateCollectionViewCell.swift in Sources */ = {isa = PBXBuildFile; fileRef = CB390B322CEDAF7F00BBD66F /* DateCollectionViewCell.swift */; };
		CB390B832CEF912300BBD66F /* TrainInfoTableViewCell.swift in Sources */ = {isa = PBXBuildFile; fileRef = CB390B822CEF912300BBD66F /* TrainInfoTableViewCell.swift */; };
		CB390BCA2CF0472900BBD66F /* TrainPriceButton.swift in Sources */ = {isa = PBXBuildFile; fileRef = CB390BC92CF0472900BBD66F /* TrainPriceButton.swift */; };
		CB39124D2CF2813F00BBD66F /* TrainDetailBottomSheetViewController.swift in Sources */ = {isa = PBXBuildFile; fileRef = CB39124C2CF2813F00BBD66F /* TrainDetailBottomSheetViewController.swift */; };
		CB9473982CEC5F88002B4D25 /* UIImage+.swift in Sources */ = {isa = PBXBuildFile; fileRef = CB9473972CEC5F88002B4D25 /* UIImage+.swift */; };
		D022CDCF2CF3A02A00A21713 /* PointUsageView.swift in Sources */ = {isa = PBXBuildFile; fileRef = D022CDCE2CF3A02000A21713 /* PointUsageView.swift */; };
		D022CDD62CF43F2F00A21713 /* KorailToolBarButton.swift in Sources */ = {isa = PBXBuildFile; fileRef = D022CDD52CF43EF200A21713 /* KorailToolBarButton.swift */; };
		D022CDDB2CF458BC00A21713 /* ModalBaseView.swift in Sources */ = {isa = PBXBuildFile; fileRef = D022CDDA2CF458B700A21713 /* ModalBaseView.swift */; };
		D022CDDD2CF45AB300A21713 /* VeteranDiscountView.swift in Sources */ = {isa = PBXBuildFile; fileRef = D022CDDC2CF45AA500A21713 /* VeteranDiscountView.swift */; };
		D022CDE22CF45E8E00A21713 /* VeteranDiscountViewController.swift in Sources */ = {isa = PBXBuildFile; fileRef = D022CDE12CF45E8900A21713 /* VeteranDiscountViewController.swift */; };
		D03DF1FE2CEB6DC500BE7CAE /* SnapKit in Frameworks */ = {isa = PBXBuildFile; productRef = D03DF1FD2CEB6DC500BE7CAE /* SnapKit */; };
		D03DF2012CEB6DD400BE7CAE /* Then in Frameworks */ = {isa = PBXBuildFile; productRef = D03DF2002CEB6DD400BE7CAE /* Then */; };
		D03DF2042CEB6E5300BE7CAE /* Moya in Frameworks */ = {isa = PBXBuildFile; productRef = D03DF2032CEB6E5300BE7CAE /* Moya */; };
		D03DF2072CEB6E8600BE7CAE /* Kingfisher in Frameworks */ = {isa = PBXBuildFile; productRef = D03DF2062CEB6E8600BE7CAE /* Kingfisher */; };
		D03DF2102CEB6EC000BE7CAE /* Assets.xcassets in Resources */ = {isa = PBXBuildFile; fileRef = D03DF2092CEB6EC000BE7CAE /* Assets.xcassets */; };
		D03DF2122CEB6EC000BE7CAE /* LaunchScreen.storyboard in Resources */ = {isa = PBXBuildFile; fileRef = D03DF20C2CEB6EC000BE7CAE /* LaunchScreen.storyboard */; };
		D03DF2132CEB6EC000BE7CAE /* AppDelegate.swift in Sources */ = {isa = PBXBuildFile; fileRef = D03DF2082CEB6EC000BE7CAE /* AppDelegate.swift */; };
		D03DF2142CEB6EC000BE7CAE /* SceneDelegate.swift in Sources */ = {isa = PBXBuildFile; fileRef = D03DF20D2CEB6EC000BE7CAE /* SceneDelegate.swift */; };
		D03DF2152CEB6EC000BE7CAE /* ViewController.swift in Sources */ = {isa = PBXBuildFile; fileRef = D03DF20E2CEB6EC000BE7CAE /* ViewController.swift */; };
		D03DF2212CEB844800BE7CAE /* UIView+.swift in Sources */ = {isa = PBXBuildFile; fileRef = D03DF2202CEB844300BE7CAE /* UIView+.swift */; };
		D03DF2232CEB845500BE7CAE /* UIStackView+.swift in Sources */ = {isa = PBXBuildFile; fileRef = D03DF2222CEB844D00BE7CAE /* UIStackView+.swift */; };
		D03DF2252CEB846500BE7CAE /* NSObject+.swift in Sources */ = {isa = PBXBuildFile; fileRef = D03DF2242CEB845E00BE7CAE /* NSObject+.swift */; };
		D03DF2272CEB859A00BE7CAE /* UILabel+.swift in Sources */ = {isa = PBXBuildFile; fileRef = D03DF2262CEB859600BE7CAE /* UILabel+.swift */; };
		D03DF2292CEB863900BE7CAE /* UITextField+.swift in Sources */ = {isa = PBXBuildFile; fileRef = D03DF2282CEB863300BE7CAE /* UITextField+.swift */; };
		D07C21262CF5216400C06522 /* LPointModalView.swift in Sources */ = {isa = PBXBuildFile; fileRef = D07C21252CF5215900C06522 /* LPointModalView.swift */; };
		D07C21282CF5275D00C06522 /* LPointModalViewController.swift in Sources */ = {isa = PBXBuildFile; fileRef = D07C21272CF5275400C06522 /* LPointModalViewController.swift */; };
		D0E6BE702CEBA8D6006CDAA8 /* Pretendard-Medium.otf in Resources */ = {isa = PBXBuildFile; fileRef = D0E6BE6D2CEBA8D6006CDAA8 /* Pretendard-Medium.otf */; };
		D0E6BE712CEBA8D6006CDAA8 /* Pretendard-SemiBold.otf in Resources */ = {isa = PBXBuildFile; fileRef = D0E6BE6F2CEBA8D6006CDAA8 /* Pretendard-SemiBold.otf */; };
		D0E6BE722CEBA8D6006CDAA8 /* Pretendard-Regular.otf in Resources */ = {isa = PBXBuildFile; fileRef = D0E6BE6E2CEBA8D6006CDAA8 /* Pretendard-Regular.otf */; };
		D0E6BE742CEBAA2F006CDAA8 /* FontLiterals.swift in Sources */ = {isa = PBXBuildFile; fileRef = D0E6BE732CEBAA29006CDAA8 /* FontLiterals.swift */; };
		D0E6BE762CEBB3F2006CDAA8 /* ColorLiterals.swift in Sources */ = {isa = PBXBuildFile; fileRef = D0E6BE752CEBB3EA006CDAA8 /* ColorLiterals.swift */; };
		D0E6BE782CEBBAA1006CDAA8 /* UIString+.swift in Sources */ = {isa = PBXBuildFile; fileRef = D0E6BE772CEBBA9B006CDAA8 /* UIString+.swift */; };
		D0F41C712CEF2A5600689EBC /* PaymentViewController.swift in Sources */ = {isa = PBXBuildFile; fileRef = D0F41C702CEF2A5000689EBC /* PaymentViewController.swift */; };
		D0F41C752CEF2A8000689EBC /* PaymentView.swift in Sources */ = {isa = PBXBuildFile; fileRef = D0F41C742CEF2A7B00689EBC /* PaymentView.swift */; };
		D0F41C782CEF3B1A00689EBC /* TicketSectionView.swift in Sources */ = {isa = PBXBuildFile; fileRef = D0F41C772CEF3B1000689EBC /* TicketSectionView.swift */; };
		D0F41C7B2CEF453C00689EBC /* DiscountSectionView.swift in Sources */ = {isa = PBXBuildFile; fileRef = D0F41C7A2CEF453800689EBC /* DiscountSectionView.swift */; };
		D0F41C892CEFA8B700689EBC /* KorailRadioButton.swift in Sources */ = {isa = PBXBuildFile; fileRef = D0F41C882CEFA8AB00689EBC /* KorailRadioButton.swift */; };
		D0F41C8D2CEFAB8900689EBC /* KTXMileageView.swift in Sources */ = {isa = PBXBuildFile; fileRef = D0F41C8C2CEFAB7D00689EBC /* KTXMileageView.swift */; };
		D0F41C8F2CF07A1200689EBC /* DiscountCouponView.swift in Sources */ = {isa = PBXBuildFile; fileRef = D0F41C8E2CF07A0C00689EBC /* DiscountCouponView.swift */; };
		D0F41C912CF082F600689EBC /* KorailDropDownButton.swift in Sources */ = {isa = PBXBuildFile; fileRef = D0F41C902CF082E600689EBC /* KorailDropDownButton.swift */; };
		D61E9A332CECC0F40005D772 /* SeatInfoCell.swift in Sources */ = {isa = PBXBuildFile; fileRef = D61E9A322CECC0F40005D772 /* SeatInfoCell.swift */; };
		D61E9A352CECDBAF0005D772 /* NSAttributedString+.swift in Sources */ = {isa = PBXBuildFile; fileRef = D61E9A342CECDBAF0005D772 /* NSAttributedString+.swift */; };
		D61E9A382CECFAA50005D772 /* CoachCell.swift in Sources */ = {isa = PBXBuildFile; fileRef = D61E9A372CECFAA50005D772 /* CoachCell.swift */; };
		D61E9A4D2CECFE380005D772 /* SeatsResponse.swift in Sources */ = {isa = PBXBuildFile; fileRef = D61E9A4C2CECFE380005D772 /* SeatsResponse.swift */; };
		D61E9A4F2CED06A30005D772 /* SeatRowHeaderView.swift in Sources */ = {isa = PBXBuildFile; fileRef = D61E9A4E2CED06A30005D772 /* SeatRowHeaderView.swift */; };
		D61E9A512CEE41260005D772 /* SeatRowView.swift in Sources */ = {isa = PBXBuildFile; fileRef = D61E9A502CEE41260005D772 /* SeatRowView.swift */; };
		D61E9A592CEFA9360005D772 /* SeatCell.swift in Sources */ = {isa = PBXBuildFile; fileRef = D61E9A582CEFA9360005D772 /* SeatCell.swift */; };
		D61E9A5B2CEFAA320005D772 /* WindowCell.swift in Sources */ = {isa = PBXBuildFile; fileRef = D61E9A5A2CEFAA320005D772 /* WindowCell.swift */; };
		D61E9A632CEFB36F0005D772 /* CoachDataSource.swift in Sources */ = {isa = PBXBuildFile; fileRef = D61E9A622CEFB36F0005D772 /* CoachDataSource.swift */; };
		D61E9AB62CF0B41E0005D772 /* CoachBackgroundView.swift in Sources */ = {isa = PBXBuildFile; fileRef = D61E9AB52CF0B41E0005D772 /* CoachBackgroundView.swift */; };
		D61E9B6A2CF210050005D772 /* SeatSelectionDataSource.swift in Sources */ = {isa = PBXBuildFile; fileRef = D61E9B692CF210050005D772 /* SeatSelectionDataSource.swift */; };
		D61E9E632CF5AE200005D772 /* BasePopupViewController.swift in Sources */ = {isa = PBXBuildFile; fileRef = D61E9E622CF5AE200005D772 /* BasePopupViewController.swift */; };
		D61E9E652CF5B5860005D772 /* OutletPopupViewController.swift in Sources */ = {isa = PBXBuildFile; fileRef = D61E9E642CF5B5860005D772 /* OutletPopupViewController.swift */; };
		D61E9E682CF5BEBA0005D772 /* BottomSelectionView.swift in Sources */ = {isa = PBXBuildFile; fileRef = D61E9E672CF5BEBA0005D772 /* BottomSelectionView.swift */; };
		D61E9E6A2CF600EB0005D772 /* CALayer+.swift in Sources */ = {isa = PBXBuildFile; fileRef = D61E9E692CF600EA0005D772 /* CALayer+.swift */; };
		D61E9E6C2CF64AE70005D772 /* TrainCheckView.swift in Sources */ = {isa = PBXBuildFile; fileRef = D61E9E6B2CF64AE70005D772 /* TrainCheckView.swift */; };
		D61E9E6E2CF710800005D772 /* TrainCheckViewController.swift in Sources */ = {isa = PBXBuildFile; fileRef = D61E9E6D2CF710800005D772 /* TrainCheckViewController.swift */; };
		D61E9E702CF711150005D772 /* PaymentActionsView.swift in Sources */ = {isa = PBXBuildFile; fileRef = D61E9E6F2CF711150005D772 /* PaymentActionsView.swift */; };
		D61E9E722CF74D690005D772 /* TrainCheckPopupViewController.swift in Sources */ = {isa = PBXBuildFile; fileRef = D61E9E712CF74D690005D772 /* TrainCheckPopupViewController.swift */; };
		D62EAC202CEBAF69005F622B /* UIViewController+.swift in Sources */ = {isa = PBXBuildFile; fileRef = D62EAC1F2CEBAF69005F622B /* UIViewController+.swift */; };
		D62EAC222CEBAFC4005F622B /* SeatSelectionViewController.swift in Sources */ = {isa = PBXBuildFile; fileRef = D62EAC212CEBAFC4005F622B /* SeatSelectionViewController.swift */; };
		D62EAC522CEC9FC9005F622B /* CoachHeaderCell.swift in Sources */ = {isa = PBXBuildFile; fileRef = D62EAC512CEC9FC9005F622B /* CoachHeaderCell.swift */; };
		D62EAC542CECACCC005F622B /* UIView+Preview.swift in Sources */ = {isa = PBXBuildFile; fileRef = D62EAC532CECACCC005F622B /* UIView+Preview.swift */; };
/* End PBXBuildFile section */

/* Begin PBXFileReference section */
		CB1EE68E2CEBA7D3006E1B53 /* TrainSearchViewController.swift */ = {isa = PBXFileReference; lastKnownFileType = sourcecode.swift; path = TrainSearchViewController.swift; sourceTree = "<group>"; };
		CB1EE6902CEBA81D006E1B53 /* TrainSearchFilterView.swift */ = {isa = PBXFileReference; lastKnownFileType = sourcecode.swift; path = TrainSearchFilterView.swift; sourceTree = "<group>"; };
		CB390AF22CEC91C600BBD66F /* SelectBottomSheetViewController.swift */ = {isa = PBXFileReference; lastKnownFileType = sourcecode.swift; name = SelectBottomSheetViewController.swift; path = "KORAILTALK-iOS/Global/Extensions/SelectBottomSheetViewController.swift"; sourceTree = SOURCE_ROOT; };
		CB390AF82CECEE5400BBD66F /* SelectBottomSheetTableViewCell.swift */ = {isa = PBXFileReference; lastKnownFileType = sourcecode.swift; name = SelectBottomSheetTableViewCell.swift; path = "KORAILTALK-iOS/Global/SelectBottomSheetTableViewCell.swift"; sourceTree = SOURCE_ROOT; };
		CB390B322CEDAF7F00BBD66F /* DateCollectionViewCell.swift */ = {isa = PBXFileReference; lastKnownFileType = sourcecode.swift; path = DateCollectionViewCell.swift; sourceTree = "<group>"; };
		CB390B822CEF912300BBD66F /* TrainInfoTableViewCell.swift */ = {isa = PBXFileReference; lastKnownFileType = sourcecode.swift; path = TrainInfoTableViewCell.swift; sourceTree = "<group>"; };
		CB390BC92CF0472900BBD66F /* TrainPriceButton.swift */ = {isa = PBXFileReference; lastKnownFileType = sourcecode.swift; name = TrainPriceButton.swift; path = "KORAILTALK-iOS/Presentation/TrainSearch/TrainPriceButton.swift"; sourceTree = SOURCE_ROOT; };
		CB39124C2CF2813F00BBD66F /* TrainDetailBottomSheetViewController.swift */ = {isa = PBXFileReference; lastKnownFileType = sourcecode.swift; path = TrainDetailBottomSheetViewController.swift; sourceTree = "<group>"; };
		CB9473972CEC5F88002B4D25 /* UIImage+.swift */ = {isa = PBXFileReference; lastKnownFileType = sourcecode.swift; path = "UIImage+.swift"; sourceTree = "<group>"; };
		D022CDCE2CF3A02000A21713 /* PointUsageView.swift */ = {isa = PBXFileReference; lastKnownFileType = sourcecode.swift; path = PointUsageView.swift; sourceTree = "<group>"; };
		D022CDD52CF43EF200A21713 /* KorailToolBarButton.swift */ = {isa = PBXFileReference; lastKnownFileType = sourcecode.swift; path = KorailToolBarButton.swift; sourceTree = "<group>"; };
		D022CDDA2CF458B700A21713 /* ModalBaseView.swift */ = {isa = PBXFileReference; lastKnownFileType = sourcecode.swift; path = ModalBaseView.swift; sourceTree = "<group>"; };
		D022CDDC2CF45AA500A21713 /* VeteranDiscountView.swift */ = {isa = PBXFileReference; lastKnownFileType = sourcecode.swift; path = VeteranDiscountView.swift; sourceTree = "<group>"; };
		D022CDE12CF45E8900A21713 /* VeteranDiscountViewController.swift */ = {isa = PBXFileReference; lastKnownFileType = sourcecode.swift; path = VeteranDiscountViewController.swift; sourceTree = "<group>"; };
		D03DF1E42CEB6A9400BE7CAE /* KORAILTALK-iOS.app */ = {isa = PBXFileReference; explicitFileType = wrapper.application; includeInIndex = 0; path = "KORAILTALK-iOS.app"; sourceTree = BUILT_PRODUCTS_DIR; };
		D03DF2082CEB6EC000BE7CAE /* AppDelegate.swift */ = {isa = PBXFileReference; lastKnownFileType = sourcecode.swift; path = AppDelegate.swift; sourceTree = "<group>"; };
		D03DF2092CEB6EC000BE7CAE /* Assets.xcassets */ = {isa = PBXFileReference; lastKnownFileType = folder.assetcatalog; path = Assets.xcassets; sourceTree = "<group>"; };
		D03DF20A2CEB6EC000BE7CAE /* Info.plist */ = {isa = PBXFileReference; lastKnownFileType = text.plist.xml; path = Info.plist; sourceTree = "<group>"; };
		D03DF20B2CEB6EC000BE7CAE /* Base */ = {isa = PBXFileReference; lastKnownFileType = file.storyboard; name = Base; path = Base.lproj/LaunchScreen.storyboard; sourceTree = "<group>"; };
		D03DF20D2CEB6EC000BE7CAE /* SceneDelegate.swift */ = {isa = PBXFileReference; lastKnownFileType = sourcecode.swift; path = SceneDelegate.swift; sourceTree = "<group>"; };
		D03DF20E2CEB6EC000BE7CAE /* ViewController.swift */ = {isa = PBXFileReference; lastKnownFileType = sourcecode.swift; path = ViewController.swift; sourceTree = "<group>"; };
		D03DF2202CEB844300BE7CAE /* UIView+.swift */ = {isa = PBXFileReference; lastKnownFileType = sourcecode.swift; path = "UIView+.swift"; sourceTree = "<group>"; };
		D03DF2222CEB844D00BE7CAE /* UIStackView+.swift */ = {isa = PBXFileReference; lastKnownFileType = sourcecode.swift; path = "UIStackView+.swift"; sourceTree = "<group>"; };
		D03DF2242CEB845E00BE7CAE /* NSObject+.swift */ = {isa = PBXFileReference; lastKnownFileType = sourcecode.swift; path = "NSObject+.swift"; sourceTree = "<group>"; };
		D03DF2262CEB859600BE7CAE /* UILabel+.swift */ = {isa = PBXFileReference; lastKnownFileType = sourcecode.swift; path = "UILabel+.swift"; sourceTree = "<group>"; };
		D03DF2282CEB863300BE7CAE /* UITextField+.swift */ = {isa = PBXFileReference; lastKnownFileType = sourcecode.swift; path = "UITextField+.swift"; sourceTree = "<group>"; };
		D07C21252CF5215900C06522 /* LPointModalView.swift */ = {isa = PBXFileReference; lastKnownFileType = sourcecode.swift; path = LPointModalView.swift; sourceTree = "<group>"; };
		D07C21272CF5275400C06522 /* LPointModalViewController.swift */ = {isa = PBXFileReference; lastKnownFileType = sourcecode.swift; path = LPointModalViewController.swift; sourceTree = "<group>"; };
		D0E6BE6D2CEBA8D6006CDAA8 /* Pretendard-Medium.otf */ = {isa = PBXFileReference; lastKnownFileType = file; path = "Pretendard-Medium.otf"; sourceTree = "<group>"; };
		D0E6BE6E2CEBA8D6006CDAA8 /* Pretendard-Regular.otf */ = {isa = PBXFileReference; lastKnownFileType = file; path = "Pretendard-Regular.otf"; sourceTree = "<group>"; };
		D0E6BE6F2CEBA8D6006CDAA8 /* Pretendard-SemiBold.otf */ = {isa = PBXFileReference; lastKnownFileType = file; path = "Pretendard-SemiBold.otf"; sourceTree = "<group>"; };
		D0E6BE732CEBAA29006CDAA8 /* FontLiterals.swift */ = {isa = PBXFileReference; lastKnownFileType = sourcecode.swift; path = FontLiterals.swift; sourceTree = "<group>"; };
		D0E6BE752CEBB3EA006CDAA8 /* ColorLiterals.swift */ = {isa = PBXFileReference; lastKnownFileType = sourcecode.swift; path = ColorLiterals.swift; sourceTree = "<group>"; };
		D0E6BE772CEBBA9B006CDAA8 /* UIString+.swift */ = {isa = PBXFileReference; lastKnownFileType = sourcecode.swift; path = "UIString+.swift"; sourceTree = "<group>"; };
		D0F41C702CEF2A5000689EBC /* PaymentViewController.swift */ = {isa = PBXFileReference; lastKnownFileType = sourcecode.swift; path = PaymentViewController.swift; sourceTree = "<group>"; };
		D0F41C742CEF2A7B00689EBC /* PaymentView.swift */ = {isa = PBXFileReference; lastKnownFileType = sourcecode.swift; path = PaymentView.swift; sourceTree = "<group>"; };
		D0F41C772CEF3B1000689EBC /* TicketSectionView.swift */ = {isa = PBXFileReference; lastKnownFileType = sourcecode.swift; path = TicketSectionView.swift; sourceTree = "<group>"; };
		D0F41C7A2CEF453800689EBC /* DiscountSectionView.swift */ = {isa = PBXFileReference; lastKnownFileType = sourcecode.swift; path = DiscountSectionView.swift; sourceTree = "<group>"; };
		D0F41C882CEFA8AB00689EBC /* KorailRadioButton.swift */ = {isa = PBXFileReference; lastKnownFileType = sourcecode.swift; path = KorailRadioButton.swift; sourceTree = "<group>"; };
		D0F41C8C2CEFAB7D00689EBC /* KTXMileageView.swift */ = {isa = PBXFileReference; lastKnownFileType = sourcecode.swift; path = KTXMileageView.swift; sourceTree = "<group>"; };
		D0F41C8E2CF07A0C00689EBC /* DiscountCouponView.swift */ = {isa = PBXFileReference; lastKnownFileType = sourcecode.swift; path = DiscountCouponView.swift; sourceTree = "<group>"; };
		D0F41C902CF082E600689EBC /* KorailDropDownButton.swift */ = {isa = PBXFileReference; lastKnownFileType = sourcecode.swift; path = KorailDropDownButton.swift; sourceTree = "<group>"; };
		D61E9A322CECC0F40005D772 /* SeatInfoCell.swift */ = {isa = PBXFileReference; lastKnownFileType = sourcecode.swift; path = SeatInfoCell.swift; sourceTree = "<group>"; };
		D61E9A342CECDBAF0005D772 /* NSAttributedString+.swift */ = {isa = PBXFileReference; lastKnownFileType = sourcecode.swift; path = "NSAttributedString+.swift"; sourceTree = "<group>"; };
		D61E9A372CECFAA50005D772 /* CoachCell.swift */ = {isa = PBXFileReference; lastKnownFileType = sourcecode.swift; path = CoachCell.swift; sourceTree = "<group>"; };
		D61E9A4C2CECFE380005D772 /* SeatsResponse.swift */ = {isa = PBXFileReference; lastKnownFileType = sourcecode.swift; path = SeatsResponse.swift; sourceTree = "<group>"; };
		D61E9A4E2CED06A30005D772 /* SeatRowHeaderView.swift */ = {isa = PBXFileReference; lastKnownFileType = sourcecode.swift; path = SeatRowHeaderView.swift; sourceTree = "<group>"; };
		D61E9A502CEE41260005D772 /* SeatRowView.swift */ = {isa = PBXFileReference; lastKnownFileType = sourcecode.swift; path = SeatRowView.swift; sourceTree = "<group>"; };
		D61E9A582CEFA9360005D772 /* SeatCell.swift */ = {isa = PBXFileReference; lastKnownFileType = sourcecode.swift; path = SeatCell.swift; sourceTree = "<group>"; };
		D61E9A5A2CEFAA320005D772 /* WindowCell.swift */ = {isa = PBXFileReference; lastKnownFileType = sourcecode.swift; path = WindowCell.swift; sourceTree = "<group>"; };
		D61E9A622CEFB36F0005D772 /* CoachDataSource.swift */ = {isa = PBXFileReference; lastKnownFileType = sourcecode.swift; path = CoachDataSource.swift; sourceTree = "<group>"; };
		D61E9AB52CF0B41E0005D772 /* CoachBackgroundView.swift */ = {isa = PBXFileReference; lastKnownFileType = sourcecode.swift; path = CoachBackgroundView.swift; sourceTree = "<group>"; };
		D61E9B692CF210050005D772 /* SeatSelectionDataSource.swift */ = {isa = PBXFileReference; lastKnownFileType = sourcecode.swift; path = SeatSelectionDataSource.swift; sourceTree = "<group>"; };
		D61E9E622CF5AE200005D772 /* BasePopupViewController.swift */ = {isa = PBXFileReference; lastKnownFileType = sourcecode.swift; path = BasePopupViewController.swift; sourceTree = "<group>"; };
		D61E9E642CF5B5860005D772 /* OutletPopupViewController.swift */ = {isa = PBXFileReference; lastKnownFileType = sourcecode.swift; path = OutletPopupViewController.swift; sourceTree = "<group>"; };
		D61E9E672CF5BEBA0005D772 /* BottomSelectionView.swift */ = {isa = PBXFileReference; lastKnownFileType = sourcecode.swift; path = BottomSelectionView.swift; sourceTree = "<group>"; };
		D61E9E692CF600EA0005D772 /* CALayer+.swift */ = {isa = PBXFileReference; lastKnownFileType = sourcecode.swift; path = "CALayer+.swift"; sourceTree = "<group>"; };
		D61E9E6B2CF64AE70005D772 /* TrainCheckView.swift */ = {isa = PBXFileReference; lastKnownFileType = sourcecode.swift; path = TrainCheckView.swift; sourceTree = "<group>"; };
		D61E9E6D2CF710800005D772 /* TrainCheckViewController.swift */ = {isa = PBXFileReference; lastKnownFileType = sourcecode.swift; path = TrainCheckViewController.swift; sourceTree = "<group>"; };
		D61E9E6F2CF711150005D772 /* PaymentActionsView.swift */ = {isa = PBXFileReference; lastKnownFileType = sourcecode.swift; path = PaymentActionsView.swift; sourceTree = "<group>"; };
		D61E9E712CF74D690005D772 /* TrainCheckPopupViewController.swift */ = {isa = PBXFileReference; lastKnownFileType = sourcecode.swift; path = TrainCheckPopupViewController.swift; sourceTree = "<group>"; };
		D62EAC1F2CEBAF69005F622B /* UIViewController+.swift */ = {isa = PBXFileReference; lastKnownFileType = sourcecode.swift; path = "UIViewController+.swift"; sourceTree = "<group>"; };
		D62EAC212CEBAFC4005F622B /* SeatSelectionViewController.swift */ = {isa = PBXFileReference; lastKnownFileType = sourcecode.swift; path = SeatSelectionViewController.swift; sourceTree = "<group>"; };
		D62EAC512CEC9FC9005F622B /* CoachHeaderCell.swift */ = {isa = PBXFileReference; lastKnownFileType = sourcecode.swift; path = CoachHeaderCell.swift; sourceTree = "<group>"; };
		D62EAC532CECACCC005F622B /* UIView+Preview.swift */ = {isa = PBXFileReference; lastKnownFileType = sourcecode.swift; path = "UIView+Preview.swift"; sourceTree = "<group>"; };
/* End PBXFileReference section */

/* Begin PBXFrameworksBuildPhase section */
		D03DF1E12CEB6A9400BE7CAE /* Frameworks */ = {
			isa = PBXFrameworksBuildPhase;
			buildActionMask = 2147483647;
			files = (
				D03DF2072CEB6E8600BE7CAE /* Kingfisher in Frameworks */,
				D03DF1FE2CEB6DC500BE7CAE /* SnapKit in Frameworks */,
				D03DF2012CEB6DD400BE7CAE /* Then in Frameworks */,
				D03DF2042CEB6E5300BE7CAE /* Moya in Frameworks */,
			);
			runOnlyForDeploymentPostprocessing = 0;
		};
/* End PBXFrameworksBuildPhase section */

/* Begin PBXGroup section */
		CB1EE68D2CEBA7A9006E1B53 /* TrainSearch */ = {
			isa = PBXGroup;
			children = (
				CB1EE68E2CEBA7D3006E1B53 /* TrainSearchViewController.swift */,
				CB1EE6902CEBA81D006E1B53 /* TrainSearchFilterView.swift */,
				CB390B322CEDAF7F00BBD66F /* DateCollectionViewCell.swift */,
				CB390B822CEF912300BBD66F /* TrainInfoTableViewCell.swift */,
				CB39124C2CF2813F00BBD66F /* TrainDetailBottomSheetViewController.swift */,
			);
			path = TrainSearch;
			sourceTree = "<group>";
		};
		D022CDD92CF458AC00A21713 /* ModalView */ = {
			isa = PBXGroup;
			children = (
				D022CDDA2CF458B700A21713 /* ModalBaseView.swift */,
				D022CDDC2CF45AA500A21713 /* VeteranDiscountView.swift */,
				D07C21252CF5215900C06522 /* LPointModalView.swift */,
			);
			path = ModalView;
			sourceTree = "<group>";
		};
		D022CDDE2CF45E6200A21713 /* ModalViewController */ = {
			isa = PBXGroup;
			children = (
				D022CDE12CF45E8900A21713 /* VeteranDiscountViewController.swift */,
				D07C21272CF5275400C06522 /* LPointModalViewController.swift */,
			);
			path = ModalViewController;
			sourceTree = "<group>";
		};
		D03DF1DB2CEB6A9400BE7CAE = {
			isa = PBXGroup;
			children = (
				D03DF20F2CEB6EC000BE7CAE /* KORAILTALK-iOS */,
				D03DF1E52CEB6A9400BE7CAE /* Products */,
			);
			sourceTree = "<group>";
		};
		D03DF1E52CEB6A9400BE7CAE /* Products */ = {
			isa = PBXGroup;
			children = (
				D03DF1E42CEB6A9400BE7CAE /* KORAILTALK-iOS.app */,
			);
			name = Products;
			sourceTree = "<group>";
		};
		D03DF20F2CEB6EC000BE7CAE /* KORAILTALK-iOS */ = {
			isa = PBXGroup;
			children = (
				D03DF2192CEB6EF400BE7CAE /* Application */,
				D03DF2182CEB6EDD00BE7CAE /* Global */,
				D61E9A3F2CECFD430005D772 /* Network */,
				D03DF2162CEB6EC800BE7CAE /* Presentation */,
			);
			path = "KORAILTALK-iOS";
			sourceTree = "<group>";
		};
		D03DF2162CEB6EC800BE7CAE /* Presentation */ = {
			isa = PBXGroup;
			children = (
				CB1EE68D2CEBA7A9006E1B53 /* TrainSearch */,
				D03DF20E2CEB6EC000BE7CAE /* ViewController.swift */,
				D62EAC232CEBAFCC005F622B /* SeatSelection */,
				D0F41C682CEF29E400689EBC /* Payment */,
			);
			path = Presentation;
			sourceTree = "<group>";
		};
		D03DF2182CEB6EDD00BE7CAE /* Global */ = {
			isa = PBXGroup;
			children = (
				D03DF21F2CEB6F7800BE7CAE /* Extensions */,
				D03DF21E2CEB6F7000BE7CAE /* Components */,
				D03DF21D2CEB6F6600BE7CAE /* Literals */,
				D03DF21C2CEB6F5C00BE7CAE /* Protocols */,
				D03DF21B2CEB6F5400BE7CAE /* Resources */,
				D03DF21A2CEB6F3C00BE7CAE /* Supporting Files */,
			);
			path = Global;
			sourceTree = "<group>";
		};
		D03DF2192CEB6EF400BE7CAE /* Application */ = {
			isa = PBXGroup;
			children = (
				D03DF2082CEB6EC000BE7CAE /* AppDelegate.swift */,
				D03DF20D2CEB6EC000BE7CAE /* SceneDelegate.swift */,
			);
			path = Application;
			sourceTree = "<group>";
		};
		D03DF21A2CEB6F3C00BE7CAE /* Supporting Files */ = {
			isa = PBXGroup;
			children = (
				D03DF20A2CEB6EC000BE7CAE /* Info.plist */,
			);
			path = "Supporting Files";
			sourceTree = "<group>";
		};
		D03DF21B2CEB6F5400BE7CAE /* Resources */ = {
			isa = PBXGroup;
			children = (
				D0E6BE6C2CEBA44C006CDAA8 /* Fonts */,
				D03DF2092CEB6EC000BE7CAE /* Assets.xcassets */,
				D03DF20C2CEB6EC000BE7CAE /* LaunchScreen.storyboard */,
			);
			path = Resources;
			sourceTree = "<group>";
		};
		D03DF21C2CEB6F5C00BE7CAE /* Protocols */ = {
			isa = PBXGroup;
			children = (
			);
			path = Protocols;
			sourceTree = "<group>";
		};
		D03DF21D2CEB6F6600BE7CAE /* Literals */ = {
			isa = PBXGroup;
			children = (
				D0E6BE752CEBB3EA006CDAA8 /* ColorLiterals.swift */,
				D0E6BE732CEBAA29006CDAA8 /* FontLiterals.swift */,
			);
			path = Literals;
			sourceTree = "<group>";
		};
		D03DF21E2CEB6F7000BE7CAE /* Components */ = {
			isa = PBXGroup;
			children = (
				CB390AF22CEC91C600BBD66F /* SelectBottomSheetViewController.swift */,
				CB390AF82CECEE5400BBD66F /* SelectBottomSheetTableViewCell.swift */,
				CB390BC92CF0472900BBD66F /* TrainPriceButton.swift */,
			);
			path = Components;
			sourceTree = "<group>";
		};
		D03DF21F2CEB6F7800BE7CAE /* Extensions */ = {
			isa = PBXGroup;
			children = (
				D62EAC552CECACD2005F622B /* Preview */,
				D03DF2202CEB844300BE7CAE /* UIView+.swift */,
				D62EAC1F2CEBAF69005F622B /* UIViewController+.swift */,
				D03DF2222CEB844D00BE7CAE /* UIStackView+.swift */,
				D03DF2262CEB859600BE7CAE /* UILabel+.swift */,
				D03DF2282CEB863300BE7CAE /* UITextField+.swift */,
				D0E6BE772CEBBA9B006CDAA8 /* UIString+.swift */,
				D03DF2242CEB845E00BE7CAE /* NSObject+.swift */,
				D61E9A342CECDBAF0005D772 /* NSAttributedString+.swift */,
				CB9473972CEC5F88002B4D25 /* UIImage+.swift */,
				D61E9E692CF600EA0005D772 /* CALayer+.swift */,
			);
			path = Extensions;
			sourceTree = "<group>";
		};
		D0E6BE6C2CEBA44C006CDAA8 /* Fonts */ = {
			isa = PBXGroup;
			children = (
				D0E6BE6D2CEBA8D6006CDAA8 /* Pretendard-Medium.otf */,
				D0E6BE6E2CEBA8D6006CDAA8 /* Pretendard-Regular.otf */,
				D0E6BE6F2CEBA8D6006CDAA8 /* Pretendard-SemiBold.otf */,
			);
			path = Fonts;
			sourceTree = "<group>";
		};
		D0F41C682CEF29E400689EBC /* Payment */ = {
			isa = PBXGroup;
			children = (
				D0F41C872CEFA89F00689EBC /* Component */,
				D0F41C6D2CEF2A2600689EBC /* Model */,
				D0F41C6C2CEF2A1F00689EBC /* View */,
				D0F41C692CEF2A0F00689EBC /* ViewController */,
			);
			path = Payment;
			sourceTree = "<group>";
		};
		D0F41C692CEF2A0F00689EBC /* ViewController */ = {
			isa = PBXGroup;
			children = (
				D0F41C702CEF2A5000689EBC /* PaymentViewController.swift */,
				D022CDDE2CF45E6200A21713 /* ModalViewController */,
			);
			path = ViewController;
			sourceTree = "<group>";
		};
		D0F41C6C2CEF2A1F00689EBC /* View */ = {
			isa = PBXGroup;
			children = (
				D0F41C762CEF3A3B00689EBC /* SectionView */,
				D0F41C742CEF2A7B00689EBC /* PaymentView.swift */,
			);
			path = View;
			sourceTree = "<group>";
		};
		D0F41C6D2CEF2A2600689EBC /* Model */ = {
			isa = PBXGroup;
			children = (
			);
			path = Model;
			sourceTree = "<group>";
		};
		D0F41C762CEF3A3B00689EBC /* SectionView */ = {
			isa = PBXGroup;
			children = (
				D0F41C772CEF3B1000689EBC /* TicketSectionView.swift */,
				D0F41C7A2CEF453800689EBC /* DiscountSectionView.swift */,
				D0F41C7E2CEF47D400689EBC /* DiscountSectionDetailView */,
				D022CDD92CF458AC00A21713 /* ModalView */,
			);
			path = SectionView;
			sourceTree = "<group>";
		};
		D0F41C7E2CEF47D400689EBC /* DiscountSectionDetailView */ = {
			isa = PBXGroup;
			children = (
				D0F41C8C2CEFAB7D00689EBC /* KTXMileageView.swift */,
				D0F41C8E2CF07A0C00689EBC /* DiscountCouponView.swift */,
				D022CDCE2CF3A02000A21713 /* PointUsageView.swift */,
			);
			path = DiscountSectionDetailView;
			sourceTree = "<group>";
		};
		D0F41C872CEFA89F00689EBC /* Component */ = {
			isa = PBXGroup;
			children = (
				D022CDD52CF43EF200A21713 /* KorailToolBarButton.swift */,
				D0F41C882CEFA8AB00689EBC /* KorailRadioButton.swift */,
				D0F41C902CF082E600689EBC /* KorailDropDownButton.swift */,
			);
			path = Component;
			sourceTree = "<group>";
		};
		D61E9A362CECFA8F0005D772 /* Headers */ = {
			isa = PBXGroup;
			children = (
				D61E9A4E2CED06A30005D772 /* SeatRowHeaderView.swift */,
			);
			path = Headers;
			sourceTree = "<group>";
		};
		D61E9A392CECFAAB0005D772 /* Cells */ = {
			isa = PBXGroup;
			children = (
				D62EAC512CEC9FC9005F622B /* CoachHeaderCell.swift */,
				D61E9A322CECC0F40005D772 /* SeatInfoCell.swift */,
				D61E9A372CECFAA50005D772 /* CoachCell.swift */,
				D61E9A582CEFA9360005D772 /* SeatCell.swift */,
				D61E9A5A2CEFAA320005D772 /* WindowCell.swift */,
			);
			path = Cells;
			sourceTree = "<group>";
		};
		D61E9A3F2CECFD430005D772 /* Network */ = {
			isa = PBXGroup;
			children = (
				D61E9A402CECFD870005D772 /* SeatSelectionMock */,
			);
			path = Network;
			sourceTree = "<group>";
		};
		D61E9A402CECFD870005D772 /* SeatSelectionMock */ = {
			isa = PBXGroup;
			children = (
				D61E9A4C2CECFE380005D772 /* SeatsResponse.swift */,
			);
			path = SeatSelectionMock;
			sourceTree = "<group>";
		};
		D61E9A6A2CEFB3870005D772 /* DataSource */ = {
			isa = PBXGroup;
			children = (
				D61E9A622CEFB36F0005D772 /* CoachDataSource.swift */,
				D61E9B692CF210050005D772 /* SeatSelectionDataSource.swift */,
			);
			path = DataSource;
			sourceTree = "<group>";
		};
		D61E9E612CF5AE100005D772 /* Popup */ = {
			isa = PBXGroup;
			children = (
				D61E9E622CF5AE200005D772 /* BasePopupViewController.swift */,
				D61E9E642CF5B5860005D772 /* OutletPopupViewController.swift */,
				D61E9E712CF74D690005D772 /* TrainCheckPopupViewController.swift */,
			);
			path = Popup;
			sourceTree = "<group>";
		};
		D61E9E662CF5B5CE0005D772 /* ViewController */ = {
			isa = PBXGroup;
			children = (
				D62EAC212CEBAFC4005F622B /* SeatSelectionViewController.swift */,
				D61E9E6D2CF710800005D772 /* TrainCheckViewController.swift */,
			);
			path = ViewController;
			sourceTree = "<group>";
		};
		D62EAC232CEBAFCC005F622B /* SeatSelection */ = {
			isa = PBXGroup;
			children = (
				D62EAC502CEC99B5005F622B /* Views */,
				D61E9E662CF5B5CE0005D772 /* ViewController */,
				D61E9A6A2CEFB3870005D772 /* DataSource */,
			);
			path = SeatSelection;
			sourceTree = "<group>";
		};
		D62EAC502CEC99B5005F622B /* Views */ = {
			isa = PBXGroup;
			children = (
				D61E9E612CF5AE100005D772 /* Popup */,
				D61E9A362CECFA8F0005D772 /* Headers */,
				D61E9A392CECFAAB0005D772 /* Cells */,
				D61E9A502CEE41260005D772 /* SeatRowView.swift */,
				D61E9AB52CF0B41E0005D772 /* CoachBackgroundView.swift */,
				D61E9E672CF5BEBA0005D772 /* BottomSelectionView.swift */,
				D61E9E6B2CF64AE70005D772 /* TrainCheckView.swift */,
				D61E9E6F2CF711150005D772 /* PaymentActionsView.swift */,
			);
			path = Views;
			sourceTree = "<group>";
		};
		D62EAC552CECACD2005F622B /* Preview */ = {
			isa = PBXGroup;
			children = (
				D62EAC532CECACCC005F622B /* UIView+Preview.swift */,
			);
			path = Preview;
			sourceTree = "<group>";
		};
/* End PBXGroup section */

/* Begin PBXNativeTarget section */
		D03DF1E32CEB6A9400BE7CAE /* KORAILTALK-iOS */ = {
			isa = PBXNativeTarget;
			buildConfigurationList = D03DF1F72CEB6A9800BE7CAE /* Build configuration list for PBXNativeTarget "KORAILTALK-iOS" */;
			buildPhases = (
				D03DF1E02CEB6A9400BE7CAE /* Sources */,
				D03DF1E12CEB6A9400BE7CAE /* Frameworks */,
				D03DF1E22CEB6A9400BE7CAE /* Resources */,
			);
			buildRules = (
			);
			dependencies = (
			);
			name = "KORAILTALK-iOS";
			packageProductDependencies = (
				D03DF1FD2CEB6DC500BE7CAE /* SnapKit */,
				D03DF2002CEB6DD400BE7CAE /* Then */,
				D03DF2032CEB6E5300BE7CAE /* Moya */,
				D03DF2062CEB6E8600BE7CAE /* Kingfisher */,
			);
			productName = "KORAILTALK-iOS";
			productReference = D03DF1E42CEB6A9400BE7CAE /* KORAILTALK-iOS.app */;
			productType = "com.apple.product-type.application";
		};
/* End PBXNativeTarget section */

/* Begin PBXProject section */
		D03DF1DC2CEB6A9400BE7CAE /* Project object */ = {
			isa = PBXProject;
			attributes = {
				BuildIndependentTargetsInParallel = 1;
				LastSwiftUpdateCheck = 1600;
				LastUpgradeCheck = 1600;
				TargetAttributes = {
					D03DF1E32CEB6A9400BE7CAE = {
						CreatedOnToolsVersion = 16.0;
					};
				};
			};
			buildConfigurationList = D03DF1DF2CEB6A9400BE7CAE /* Build configuration list for PBXProject "KORAILTALK-iOS" */;
			developmentRegion = en;
			hasScannedForEncodings = 0;
			knownRegions = (
				en,
				Base,
			);
			mainGroup = D03DF1DB2CEB6A9400BE7CAE;
			minimizedProjectReferenceProxies = 1;
			packageReferences = (
				D03DF1FC2CEB6DC500BE7CAE /* XCRemoteSwiftPackageReference "SnapKit" */,
				D03DF1FF2CEB6DD400BE7CAE /* XCRemoteSwiftPackageReference "Then" */,
				D03DF2022CEB6E5300BE7CAE /* XCRemoteSwiftPackageReference "Moya" */,
				D03DF2052CEB6E8600BE7CAE /* XCRemoteSwiftPackageReference "Kingfisher" */,
			);
			preferredProjectObjectVersion = 77;
			productRefGroup = D03DF1E52CEB6A9400BE7CAE /* Products */;
			projectDirPath = "";
			projectRoot = "";
			targets = (
				D03DF1E32CEB6A9400BE7CAE /* KORAILTALK-iOS */,
			);
		};
/* End PBXProject section */

/* Begin PBXResourcesBuildPhase section */
		D03DF1E22CEB6A9400BE7CAE /* Resources */ = {
			isa = PBXResourcesBuildPhase;
			buildActionMask = 2147483647;
			files = (
				D03DF2102CEB6EC000BE7CAE /* Assets.xcassets in Resources */,
				D03DF2122CEB6EC000BE7CAE /* LaunchScreen.storyboard in Resources */,
				D0E6BE702CEBA8D6006CDAA8 /* Pretendard-Medium.otf in Resources */,
				D0E6BE712CEBA8D6006CDAA8 /* Pretendard-SemiBold.otf in Resources */,
				D0E6BE722CEBA8D6006CDAA8 /* Pretendard-Regular.otf in Resources */,
			);
			runOnlyForDeploymentPostprocessing = 0;
		};
/* End PBXResourcesBuildPhase section */

/* Begin PBXSourcesBuildPhase section */
		D03DF1E02CEB6A9400BE7CAE /* Sources */ = {
			isa = PBXSourcesBuildPhase;
			buildActionMask = 2147483647;
			files = (
				D61E9A382CECFAA50005D772 /* CoachCell.swift in Sources */,
				D61E9A332CECC0F40005D772 /* SeatInfoCell.swift in Sources */,
				D61E9B6A2CF210050005D772 /* SeatSelectionDataSource.swift in Sources */,
				D03DF2232CEB845500BE7CAE /* UIStackView+.swift in Sources */,
				D0F41C8D2CEFAB8900689EBC /* KTXMileageView.swift in Sources */,
				D03DF2252CEB846500BE7CAE /* NSObject+.swift in Sources */,
				D61E9A4D2CECFE380005D772 /* SeatsResponse.swift in Sources */,
				D03DF2212CEB844800BE7CAE /* UIView+.swift in Sources */,
				D61E9A632CEFB36F0005D772 /* CoachDataSource.swift in Sources */,
				D0E6BE762CEBB3F2006CDAA8 /* ColorLiterals.swift in Sources */,
				D61E9A4F2CED06A30005D772 /* SeatRowHeaderView.swift in Sources */,
				D62EAC522CEC9FC9005F622B /* CoachHeaderCell.swift in Sources */,
				D03DF2132CEB6EC000BE7CAE /* AppDelegate.swift in Sources */,
				D61E9E6A2CF600EB0005D772 /* CALayer+.swift in Sources */,
				D61E9A512CEE41260005D772 /* SeatRowView.swift in Sources */,
				D61E9AB62CF0B41E0005D772 /* CoachBackgroundView.swift in Sources */,
				CB390AF92CECEE5400BBD66F /* SelectBottomSheetTableViewCell.swift in Sources */,
				D0F41C912CF082F600689EBC /* KorailDropDownButton.swift in Sources */,
				D0F41C7B2CEF453C00689EBC /* DiscountSectionView.swift in Sources */,
				D03DF2212CEB844800BE7CAE /* UIView+.swift in Sources */,
				CB390BCA2CF0472900BBD66F /* TrainPriceButton.swift in Sources */,
				CB390B332CEDAF7F00BBD66F /* DateCollectionViewCell.swift in Sources */,
				CB9473982CEC5F88002B4D25 /* UIImage+.swift in Sources */,
				D61E9E632CF5AE200005D772 /* BasePopupViewController.swift in Sources */,
				D022CDD62CF43F2F00A21713 /* KorailToolBarButton.swift in Sources */,
				D0E6BE762CEBB3F2006CDAA8 /* ColorLiterals.swift in Sources */,
				D61E9E722CF74D690005D772 /* TrainCheckPopupViewController.swift in Sources */,
				D61E9E6C2CF64AE70005D772 /* TrainCheckView.swift in Sources */,
				CB1EE6912CEBA81D006E1B53 /* TrainSearchFilterView.swift in Sources */,
				D03DF2132CEB6EC000BE7CAE /* AppDelegate.swift in Sources */,
				D022CDDD2CF45AB300A21713 /* VeteranDiscountView.swift in Sources */,
				CB1EE68F2CEBA7D3006E1B53 /* TrainSearchViewController.swift in Sources */,
				CB39124D2CF2813F00BBD66F /* TrainDetailBottomSheetViewController.swift in Sources */,
				D62EAC222CEBAFC4005F622B /* SeatSelectionViewController.swift in Sources */,
				D07C21262CF5216400C06522 /* LPointModalView.swift in Sources */,
				D07C21282CF5275D00C06522 /* LPointModalViewController.swift in Sources */,
				D0F41C892CEFA8B700689EBC /* KorailRadioButton.swift in Sources */,
				D03DF2272CEB859A00BE7CAE /* UILabel+.swift in Sources */,
				D62EAC542CECACCC005F622B /* UIView+Preview.swift in Sources */,
				D61E9A592CEFA9360005D772 /* SeatCell.swift in Sources */,
				D0F41C782CEF3B1A00689EBC /* TicketSectionView.swift in Sources */,
				D61E9E682CF5BEBA0005D772 /* BottomSelectionView.swift in Sources */,
				D0F41C712CEF2A5600689EBC /* PaymentViewController.swift in Sources */,
				D022CDCF2CF3A02A00A21713 /* PointUsageView.swift in Sources */,
				D62EAC202CEBAF69005F622B /* UIViewController+.swift in Sources */,
				D03DF2142CEB6EC000BE7CAE /* SceneDelegate.swift in Sources */,
				D022CDDB2CF458BC00A21713 /* ModalBaseView.swift in Sources */,
				D03DF2152CEB6EC000BE7CAE /* ViewController.swift in Sources */,
				D61E9A5B2CEFAA320005D772 /* WindowCell.swift in Sources */,
				D03DF2292CEB863900BE7CAE /* UITextField+.swift in Sources */,
				D61E9E702CF711150005D772 /* PaymentActionsView.swift in Sources */,
				D0F41C8F2CF07A1200689EBC /* DiscountCouponView.swift in Sources */,
				D0E6BE742CEBAA2F006CDAA8 /* FontLiterals.swift in Sources */,
				D0F41C752CEF2A8000689EBC /* PaymentView.swift in Sources */,
				D61E9E652CF5B5860005D772 /* OutletPopupViewController.swift in Sources */,
				D0E6BE782CEBBAA1006CDAA8 /* UIString+.swift in Sources */,
				D61E9A352CECDBAF0005D772 /* NSAttributedString+.swift in Sources */,
				D61E9E6E2CF710800005D772 /* TrainCheckViewController.swift in Sources */,
				D022CDE22CF45E8E00A21713 /* VeteranDiscountViewController.swift in Sources */,
				CB390AF32CEC91C600BBD66F /* SelectBottomSheetViewController.swift in Sources */,
				CB390B832CEF912300BBD66F /* TrainInfoTableViewCell.swift in Sources */,
			);
			runOnlyForDeploymentPostprocessing = 0;
		};
/* End PBXSourcesBuildPhase section */

/* Begin PBXVariantGroup section */
		D03DF20C2CEB6EC000BE7CAE /* LaunchScreen.storyboard */ = {
			isa = PBXVariantGroup;
			children = (
				D03DF20B2CEB6EC000BE7CAE /* Base */,
			);
			name = LaunchScreen.storyboard;
			sourceTree = "<group>";
		};
/* End PBXVariantGroup section */

/* Begin XCBuildConfiguration section */
		D03DF1F82CEB6A9800BE7CAE /* Debug */ = {
			isa = XCBuildConfiguration;
			buildSettings = {
				ASSETCATALOG_COMPILER_APPICON_NAME = AppIcon;
				ASSETCATALOG_COMPILER_GLOBAL_ACCENT_COLOR_NAME = AccentColor;
				CODE_SIGN_STYLE = Automatic;
				CURRENT_PROJECT_VERSION = 1;
				DEVELOPMENT_TEAM = L9J3VF6GK2;
				GENERATE_INFOPLIST_FILE = YES;
				INFOPLIST_FILE = "KORAILTALK-iOS/Global/Supporting Files/Info.plist";
				INFOPLIST_KEY_UIApplicationSupportsIndirectInputEvents = YES;
				INFOPLIST_KEY_UILaunchStoryboardName = LaunchScreen;
				INFOPLIST_KEY_UISupportedInterfaceOrientations_iPad = "UIInterfaceOrientationPortrait UIInterfaceOrientationPortraitUpsideDown UIInterfaceOrientationLandscapeLeft UIInterfaceOrientationLandscapeRight";
				INFOPLIST_KEY_UISupportedInterfaceOrientations_iPhone = "UIInterfaceOrientationPortrait UIInterfaceOrientationLandscapeLeft UIInterfaceOrientationLandscapeRight";
				IPHONEOS_DEPLOYMENT_TARGET = 16;
				LD_RUNPATH_SEARCH_PATHS = (
					"$(inherited)",
					"@executable_path/Frameworks",
				);
				MARKETING_VERSION = 1.0;
				PRODUCT_BUNDLE_IDENTIFIER = com.sopt.korailtalk;
				PRODUCT_NAME = "$(TARGET_NAME)";
				SWIFT_EMIT_LOC_STRINGS = YES;
				SWIFT_VERSION = 5.0;
				TARGETED_DEVICE_FAMILY = "1,2";
			};
			name = Debug;
		};
		D03DF1F92CEB6A9800BE7CAE /* Release */ = {
			isa = XCBuildConfiguration;
			buildSettings = {
				ASSETCATALOG_COMPILER_APPICON_NAME = AppIcon;
				ASSETCATALOG_COMPILER_GLOBAL_ACCENT_COLOR_NAME = AccentColor;
				CODE_SIGN_STYLE = Automatic;
				CURRENT_PROJECT_VERSION = 1;
				DEVELOPMENT_TEAM = L9J3VF6GK2;
				GENERATE_INFOPLIST_FILE = YES;
				INFOPLIST_FILE = "KORAILTALK-iOS/Global/Supporting Files/Info.plist";
				INFOPLIST_KEY_UIApplicationSupportsIndirectInputEvents = YES;
				INFOPLIST_KEY_UILaunchStoryboardName = LaunchScreen;
				INFOPLIST_KEY_UISupportedInterfaceOrientations_iPad = "UIInterfaceOrientationPortrait UIInterfaceOrientationPortraitUpsideDown UIInterfaceOrientationLandscapeLeft UIInterfaceOrientationLandscapeRight";
				INFOPLIST_KEY_UISupportedInterfaceOrientations_iPhone = "UIInterfaceOrientationPortrait UIInterfaceOrientationLandscapeLeft UIInterfaceOrientationLandscapeRight";
				IPHONEOS_DEPLOYMENT_TARGET = 16;
				LD_RUNPATH_SEARCH_PATHS = (
					"$(inherited)",
					"@executable_path/Frameworks",
				);
				MARKETING_VERSION = 1.0;
				PRODUCT_BUNDLE_IDENTIFIER = com.sopt.korailtalk;
				PRODUCT_NAME = "$(TARGET_NAME)";
				SWIFT_EMIT_LOC_STRINGS = YES;
				SWIFT_VERSION = 5.0;
				TARGETED_DEVICE_FAMILY = "1,2";
			};
			name = Release;
		};
		D03DF1FA2CEB6A9800BE7CAE /* Debug */ = {
			isa = XCBuildConfiguration;
			buildSettings = {
				ALWAYS_SEARCH_USER_PATHS = NO;
				ASSETCATALOG_COMPILER_GENERATE_SWIFT_ASSET_SYMBOL_EXTENSIONS = YES;
				CLANG_ANALYZER_NONNULL = YES;
				CLANG_ANALYZER_NUMBER_OBJECT_CONVERSION = YES_AGGRESSIVE;
				CLANG_CXX_LANGUAGE_STANDARD = "gnu++20";
				CLANG_ENABLE_MODULES = YES;
				CLANG_ENABLE_OBJC_ARC = YES;
				CLANG_ENABLE_OBJC_WEAK = YES;
				CLANG_WARN_BLOCK_CAPTURE_AUTORELEASING = YES;
				CLANG_WARN_BOOL_CONVERSION = YES;
				CLANG_WARN_COMMA = YES;
				CLANG_WARN_CONSTANT_CONVERSION = YES;
				CLANG_WARN_DEPRECATED_OBJC_IMPLEMENTATIONS = YES;
				CLANG_WARN_DIRECT_OBJC_ISA_USAGE = YES_ERROR;
				CLANG_WARN_DOCUMENTATION_COMMENTS = YES;
				CLANG_WARN_EMPTY_BODY = YES;
				CLANG_WARN_ENUM_CONVERSION = YES;
				CLANG_WARN_INFINITE_RECURSION = YES;
				CLANG_WARN_INT_CONVERSION = YES;
				CLANG_WARN_NON_LITERAL_NULL_CONVERSION = YES;
				CLANG_WARN_OBJC_IMPLICIT_RETAIN_SELF = YES;
				CLANG_WARN_OBJC_LITERAL_CONVERSION = YES;
				CLANG_WARN_OBJC_ROOT_CLASS = YES_ERROR;
				CLANG_WARN_QUOTED_INCLUDE_IN_FRAMEWORK_HEADER = YES;
				CLANG_WARN_RANGE_LOOP_ANALYSIS = YES;
				CLANG_WARN_STRICT_PROTOTYPES = YES;
				CLANG_WARN_SUSPICIOUS_MOVE = YES;
				CLANG_WARN_UNGUARDED_AVAILABILITY = YES_AGGRESSIVE;
				CLANG_WARN_UNREACHABLE_CODE = YES;
				CLANG_WARN__DUPLICATE_METHOD_MATCH = YES;
				COPY_PHASE_STRIP = NO;
				DEBUG_INFORMATION_FORMAT = dwarf;
				ENABLE_STRICT_OBJC_MSGSEND = YES;
				ENABLE_TESTABILITY = YES;
				ENABLE_USER_SCRIPT_SANDBOXING = YES;
				GCC_C_LANGUAGE_STANDARD = gnu17;
				GCC_DYNAMIC_NO_PIC = NO;
				GCC_NO_COMMON_BLOCKS = YES;
				GCC_OPTIMIZATION_LEVEL = 0;
				GCC_PREPROCESSOR_DEFINITIONS = (
					"DEBUG=1",
					"$(inherited)",
				);
				GCC_WARN_64_TO_32_BIT_CONVERSION = YES;
				GCC_WARN_ABOUT_RETURN_TYPE = YES_ERROR;
				GCC_WARN_UNDECLARED_SELECTOR = YES;
				GCC_WARN_UNINITIALIZED_AUTOS = YES_AGGRESSIVE;
				GCC_WARN_UNUSED_FUNCTION = YES;
				GCC_WARN_UNUSED_VARIABLE = YES;
				IPHONEOS_DEPLOYMENT_TARGET = 18.0;
				LOCALIZATION_PREFERS_STRING_CATALOGS = YES;
				MTL_ENABLE_DEBUG_INFO = INCLUDE_SOURCE;
				MTL_FAST_MATH = YES;
				ONLY_ACTIVE_ARCH = YES;
				SDKROOT = iphoneos;
				SWIFT_ACTIVE_COMPILATION_CONDITIONS = "DEBUG $(inherited)";
				SWIFT_OPTIMIZATION_LEVEL = "-Onone";
			};
			name = Debug;
		};
		D03DF1FB2CEB6A9800BE7CAE /* Release */ = {
			isa = XCBuildConfiguration;
			buildSettings = {
				ALWAYS_SEARCH_USER_PATHS = NO;
				ASSETCATALOG_COMPILER_GENERATE_SWIFT_ASSET_SYMBOL_EXTENSIONS = YES;
				CLANG_ANALYZER_NONNULL = YES;
				CLANG_ANALYZER_NUMBER_OBJECT_CONVERSION = YES_AGGRESSIVE;
				CLANG_CXX_LANGUAGE_STANDARD = "gnu++20";
				CLANG_ENABLE_MODULES = YES;
				CLANG_ENABLE_OBJC_ARC = YES;
				CLANG_ENABLE_OBJC_WEAK = YES;
				CLANG_WARN_BLOCK_CAPTURE_AUTORELEASING = YES;
				CLANG_WARN_BOOL_CONVERSION = YES;
				CLANG_WARN_COMMA = YES;
				CLANG_WARN_CONSTANT_CONVERSION = YES;
				CLANG_WARN_DEPRECATED_OBJC_IMPLEMENTATIONS = YES;
				CLANG_WARN_DIRECT_OBJC_ISA_USAGE = YES_ERROR;
				CLANG_WARN_DOCUMENTATION_COMMENTS = YES;
				CLANG_WARN_EMPTY_BODY = YES;
				CLANG_WARN_ENUM_CONVERSION = YES;
				CLANG_WARN_INFINITE_RECURSION = YES;
				CLANG_WARN_INT_CONVERSION = YES;
				CLANG_WARN_NON_LITERAL_NULL_CONVERSION = YES;
				CLANG_WARN_OBJC_IMPLICIT_RETAIN_SELF = YES;
				CLANG_WARN_OBJC_LITERAL_CONVERSION = YES;
				CLANG_WARN_OBJC_ROOT_CLASS = YES_ERROR;
				CLANG_WARN_QUOTED_INCLUDE_IN_FRAMEWORK_HEADER = YES;
				CLANG_WARN_RANGE_LOOP_ANALYSIS = YES;
				CLANG_WARN_STRICT_PROTOTYPES = YES;
				CLANG_WARN_SUSPICIOUS_MOVE = YES;
				CLANG_WARN_UNGUARDED_AVAILABILITY = YES_AGGRESSIVE;
				CLANG_WARN_UNREACHABLE_CODE = YES;
				CLANG_WARN__DUPLICATE_METHOD_MATCH = YES;
				COPY_PHASE_STRIP = NO;
				DEBUG_INFORMATION_FORMAT = "dwarf-with-dsym";
				ENABLE_NS_ASSERTIONS = NO;
				ENABLE_STRICT_OBJC_MSGSEND = YES;
				ENABLE_USER_SCRIPT_SANDBOXING = YES;
				GCC_C_LANGUAGE_STANDARD = gnu17;
				GCC_NO_COMMON_BLOCKS = YES;
				GCC_WARN_64_TO_32_BIT_CONVERSION = YES;
				GCC_WARN_ABOUT_RETURN_TYPE = YES_ERROR;
				GCC_WARN_UNDECLARED_SELECTOR = YES;
				GCC_WARN_UNINITIALIZED_AUTOS = YES_AGGRESSIVE;
				GCC_WARN_UNUSED_FUNCTION = YES;
				GCC_WARN_UNUSED_VARIABLE = YES;
				IPHONEOS_DEPLOYMENT_TARGET = 18.0;
				LOCALIZATION_PREFERS_STRING_CATALOGS = YES;
				MTL_ENABLE_DEBUG_INFO = NO;
				MTL_FAST_MATH = YES;
				SDKROOT = iphoneos;
				SWIFT_COMPILATION_MODE = wholemodule;
				VALIDATE_PRODUCT = YES;
			};
			name = Release;
		};
/* End XCBuildConfiguration section */

/* Begin XCConfigurationList section */
		D03DF1DF2CEB6A9400BE7CAE /* Build configuration list for PBXProject "KORAILTALK-iOS" */ = {
			isa = XCConfigurationList;
			buildConfigurations = (
				D03DF1FA2CEB6A9800BE7CAE /* Debug */,
				D03DF1FB2CEB6A9800BE7CAE /* Release */,
			);
			defaultConfigurationIsVisible = 0;
			defaultConfigurationName = Release;
		};
		D03DF1F72CEB6A9800BE7CAE /* Build configuration list for PBXNativeTarget "KORAILTALK-iOS" */ = {
			isa = XCConfigurationList;
			buildConfigurations = (
				D03DF1F82CEB6A9800BE7CAE /* Debug */,
				D03DF1F92CEB6A9800BE7CAE /* Release */,
			);
			defaultConfigurationIsVisible = 0;
			defaultConfigurationName = Release;
		};
/* End XCConfigurationList section */

/* Begin XCRemoteSwiftPackageReference section */
		D03DF1FC2CEB6DC500BE7CAE /* XCRemoteSwiftPackageReference "SnapKit" */ = {
			isa = XCRemoteSwiftPackageReference;
			repositoryURL = "https://github.com/SnapKit/SnapKit.git";
			requirement = {
				kind = upToNextMajorVersion;
				minimumVersion = 5.7.1;
			};
		};
		D03DF1FF2CEB6DD400BE7CAE /* XCRemoteSwiftPackageReference "Then" */ = {
			isa = XCRemoteSwiftPackageReference;
			repositoryURL = "https://github.com/devxoul/Then";
			requirement = {
				kind = upToNextMajorVersion;
				minimumVersion = 3.0.0;
			};
		};
		D03DF2022CEB6E5300BE7CAE /* XCRemoteSwiftPackageReference "Moya" */ = {
			isa = XCRemoteSwiftPackageReference;
			repositoryURL = "https://github.com/Moya/Moya";
			requirement = {
				kind = upToNextMajorVersion;
				minimumVersion = 15.0.3;
			};
		};
		D03DF2052CEB6E8600BE7CAE /* XCRemoteSwiftPackageReference "Kingfisher" */ = {
			isa = XCRemoteSwiftPackageReference;
			repositoryURL = "https://github.com/onevcat/Kingfisher.git";
			requirement = {
				kind = upToNextMajorVersion;
				minimumVersion = 8.1.0;
			};
		};
/* End XCRemoteSwiftPackageReference section */

/* Begin XCSwiftPackageProductDependency section */
		D03DF1FD2CEB6DC500BE7CAE /* SnapKit */ = {
			isa = XCSwiftPackageProductDependency;
			package = D03DF1FC2CEB6DC500BE7CAE /* XCRemoteSwiftPackageReference "SnapKit" */;
			productName = SnapKit;
		};
		D03DF2002CEB6DD400BE7CAE /* Then */ = {
			isa = XCSwiftPackageProductDependency;
			package = D03DF1FF2CEB6DD400BE7CAE /* XCRemoteSwiftPackageReference "Then" */;
			productName = Then;
		};
		D03DF2032CEB6E5300BE7CAE /* Moya */ = {
			isa = XCSwiftPackageProductDependency;
			package = D03DF2022CEB6E5300BE7CAE /* XCRemoteSwiftPackageReference "Moya" */;
			productName = Moya;
		};
		D03DF2062CEB6E8600BE7CAE /* Kingfisher */ = {
			isa = XCSwiftPackageProductDependency;
			package = D03DF2052CEB6E8600BE7CAE /* XCRemoteSwiftPackageReference "Kingfisher" */;
			productName = Kingfisher;
		};
/* End XCSwiftPackageProductDependency section */
	};
	rootObject = D03DF1DC2CEB6A9400BE7CAE /* Project object */;
}
